
Microsoft Visual Studio Solution File, Format Version 12.00
# Visual Studio 15
VisualStudioVersion = 15.0.28307.572
MinimumVisualStudioVersion = 10.0.40219.1
Project("{FAE04EC0-301F-11D3-BF4B-00C04F79EFBC}") = "MVCparcial", "MVCparcial\MVCparcial.csproj", "{0E08C09F-C001-4C9B-988F-26D737999389}"
EndProject
Global
	GlobalSection(SolutionConfigurationPlatforms) = preSolution
		Debug|Any CPU = Debug|Any CPU
		Release|Any CPU = Release|Any CPU
	EndGlobalSection
	GlobalSection(ProjectConfigurationPlatforms) = postSolution
		{0E08C09F-C001-4C9B-988F-26D737999389}.Debug|Any CPU.ActiveCfg = Debug|Any CPU
		{0E08C09F-C001-4C9B-988F-26D737999389}.Debug|Any CPU.Build.0 = Debug|Any CPU
		{0E08C09F-C001-4C9B-988F-26D737999389}.Release|Any CPU.ActiveCfg = Release|Any CPU
		{0E08C09F-C001-4C9B-988F-26D737999389}.Release|Any CPU.Build.0 = Release|Any CPU
	EndGlobalSection
	GlobalSection(SolutionProperties) = preSolution
		HideSolutionNode = FALSE
	EndGlobalSection
	GlobalSection(ExtensibilityGlobals) = postSolution
		SolutionGuid = {1FCE54B2-2833-418F-83C3-9CBB614F8112}
	EndGlobalSection
EndGlobal
